
Microsoft Visual Studio Solution File, Format Version 12.00
# Visual Studio 2013
Project("{FAE04EC0-301F-11D3-BF4B-00C04F79EFBC}") = "UnityVS.SocketDemo.CSharp", "UnityVS.SocketDemo.CSharp.csproj", "{F5CB5EBE-1C7F-1DA5-0CAD-6DED14EDCA00}"
EndProject
Global
	GlobalSection(SolutionConfigurationPlatforms) = preSolution
		Debug|Any CPU = Debug|Any CPU
		Release|Any CPU = Release|Any CPU
	EndGlobalSection
	GlobalSection(ProjectConfigurationPlatforms) = postSolution
		{F5CB5EBE-1C7F-1DA5-0CAD-6DED14EDCA00}.Debug|Any CPU.ActiveCfg = Debug|Any CPU
		{F5CB5EBE-1C7F-1DA5-0CAD-6DED14EDCA00}.Debug|Any CPU.Build.0 = Debug|Any CPU
		{F5CB5EBE-1C7F-1DA5-0CAD-6DED14EDCA00}.Release|Any CPU.ActiveCfg = Release|Any CPU
		{F5CB5EBE-1C7F-1DA5-0CAD-6DED14EDCA00}.Release|Any CPU.Build.0 = Release|Any CPU
	EndGlobalSection
	GlobalSection(SolutionProperties) = preSolution
		HideSolutionNode = FALSE
	EndGlobalSection
EndGlobal
